
Microsoft Visual Studio Solution File, Format Version 12.00
# Visual Studio 15
VisualStudioVersion = 15.0.28010.2041
MinimumVisualStudioVersion = 10.0.40219.1
Project("{FAE04EC0-301F-11D3-BF4B-00C04F79EFBC}") = "SeanHeap", "SeanHeap\SeanHeap.csproj", "{25A12CA1-8555-429C-80E0-792C1FCAC0C6}"
EndProject
Global
	GlobalSection(SolutionConfigurationPlatforms) = preSolution
		Debug|Any CPU = Debug|Any CPU
		Release|Any CPU = Release|Any CPU
	EndGlobalSection
	GlobalSection(ProjectConfigurationPlatforms) = postSolution
		{25A12CA1-8555-429C-80E0-792C1FCAC0C6}.Debug|Any CPU.ActiveCfg = Debug|Any CPU
		{25A12CA1-8555-429C-80E0-792C1FCAC0C6}.Debug|Any CPU.Build.0 = Debug|Any CPU
		{25A12CA1-8555-429C-80E0-792C1FCAC0C6}.Release|Any CPU.ActiveCfg = Release|Any CPU
		{25A12CA1-8555-429C-80E0-792C1FCAC0C6}.Release|Any CPU.Build.0 = Release|Any CPU
	EndGlobalSection
	GlobalSection(SolutionProperties) = preSolution
		HideSolutionNode = FALSE
	EndGlobalSection
	GlobalSection(ExtensibilityGlobals) = postSolution
		SolutionGuid = {3E128210-D75E-4C5F-A760-A51D3613813A}
	EndGlobalSection
EndGlobal
